{
    "_meta": {
        "hash": {
            "sha256": "1bedb1efb9c1cfe563932a6db69d9726aa902384087e0b472c477bca93cf9cc2"
        },
        "pipfile-spec": 6,
        "requires": {
            "python_version": "3.11"
        },
        "sources": [
            {
                "name": "pypi",
                "url": "https://pypi.org/simple",
                "verify_ssl": true
            }
        ]
    },
    "default": {
        "asgiref": {
            "hashes": [
                "sha256:3e1e3ecc849832fe52ccf2cb6686b7a55f82bb1d6aee72a58826471390335e47",
                "sha256:c343bd80a0bec947a9860adb4c432ffa7db769836c64238fc34bdc3fec84d590"
            ],
            "markers": "python_version >= '3.8'",
            "version": "==3.8.1"
        },
        "django": {
            "hashes": [
                "sha256:1ddc333a16fc139fd253035a1606bb24261951bbc3a6ca256717fa06cc41a898",
                "sha256:6f1616c2786c408ce86ab7e10f792b8f15742f7b7b7460243929cb371e7f1dad"
            ],
            "index": "pypi",
            "markers": "python_version >= '3.8'",
            "version": "==4.2.16"
        },
        "sqlparse": {
            "hashes": [
                "sha256:773dcbf9a5ab44a090f3441e2180efe2560220203dc2f8c0b0fa141e18b505e4",
                "sha256:bb6b4df465655ef332548e24f08e205afc81b9ab86cb1c45657a7ff173a3a00e"
            ],
            "markers": "python_version >= '3.8'",
            "version": "==0.5.1"
        }
    },
    "develop": {
        "django-types": {
            "hashes": [
                "sha256:5ae7988612cf6fbc357b018bbc3b3a878b65e04275cc46e0d35d66a708daff12",
                "sha256:b3f529de17f6374d41ca67232aa01330c531bbbaa3ac4097896f31ac33c96c30"
            ],
            "index": "pypi",
            "markers": "python_version >= '3.7' and python_version < '4.0'",
            "version": "==0.19.1"
        },
        "types-psycopg2": {
            "hashes": [
                "sha256:44d091e67732d16a941baae48cd7b53bf91911bc36888652447cf1ef0c1fb3f6",
                "sha256:bca89b988d2ebd19bcd08b177d22a877ea8b841decb10ed130afcf39404612fa"
            ],
            "markers": "python_version >= '3.8'",
            "version": "==2.9.21.20241019"
        }
    }
}
